github.com/gethugothemes/hugo-modules/accordion v0.0.0-20251117073232-ef5b4666824c h1:4fd4brwOKfMLTLHmRgN6xhpyOIF7X3dUCZe5fw1eX80=
github.com/gethugothemes/hugo-modules/accordion v0.0.0-20251117073232-ef5b4666824c/go.mod h1:D4DpauKPDcUHI9CVKYmJeO6bkSJIhUN864TyXZ2o0VI=
github.com/gethugothemes/hugo-modules/adsense v0.0.0-20251117073232-ef5b4666824c h1:cpHPtuHqYEKB6nLDbVWhitQHvRMSuougYZ4umir+NxQ=
github.com/gethugothemes/hugo-modules/adsense v0.0.0-20251117073232-ef5b4666824c/go.mod h1:8p/gG/cyyu20z4q5cFN/JGE5TOFA55Xsp+aIP9KCsqo=
github.com/gethugothemes/hugo-modules/components/announcement v0.0.0-20251117073232-ef5b4666824c h1:u5tk/QWdoQw33wurns/gzNSuCEp0k0m4RuaLrd1BU8Q=
github.com/gethugothemes/hugo-modules/components/announcement v0.0.0-20251117073232-ef5b4666824c/go.mod h1:BO6vbFLvEgb45epi/QtUkQmTyqsWSwxIqTpwDvqJFHk=
github.com/gethugothemes/hugo-modules/components/cookie-consent v0.0.0-20251117073232-ef5b4666824c h1:9n90/OZxNaTq0s3BB+h1EFIPLe0TBDSRtjQrIWKo+2w=
github.com/gethugothemes/hugo-modules/components/cookie-consent v0.0.0-20251117073232-ef5b4666824c/go.mod h1:511ERLpGe3ZTfV2z/NAtUSR5NqKF26h9z5lU/zYV4YQ=
github.com/gethugothemes/hugo-modules/components/custom-script v0.0.0-20251117073232-ef5b4666824c h1:zlnfdru+phrk9aHlVg93CyRLeQRIBayrYUwUojv8Miw=
github.com/gethugothemes/hugo-modules/components/custom-script v0.0.0-20251117073232-ef5b4666824c/go.mod h1:RuDHq4WnK8sNEzAIJr4BZQ7oXhzcct/EKaAxc2Xvi9E=
github.com/gethugothemes/hugo-modules/components/preloader v0.0.0-20251117073232-ef5b4666824c h1:JQDyg2POW3mDxaB1emuzWqj0tnVbeJBkk4j9oCr7mZA=
github.com/gethugothemes/hugo-modules/components/preloader v0.0.0-20251117073232-ef5b4666824c/go.mod h1:FP0iQ3tMOesuWFZhLst2KEvUEYPb5Jk1GW+QBP9lrwg=
github.com/gethugothemes/hugo-modules/components/render-link v0.0.0-20251117073232-ef5b4666824c h1:3U4TRskha6pfFiRalKOeW+UGteUzkl2PE80RGlXsbzA=
github.com/gethugothemes/hugo-modules/components/render-link v0.0.0-20251117073232-ef5b4666824c/go.mod h1:z3YcIeEBUonAoRDY1/Jv1ojNVkZ5ud35a0Nn8L4Inx0=
github.com/gethugothemes/hugo-modules/components/social-share v0.0.0-20251117073232-ef5b4666824c h1:bf2/DdJe1WOanMZz+lD9a3+aXJpfmzkek5osRxEYBvo=
github.com/gethugothemes/hugo-modules/components/social-share v0.0.0-20251117073232-ef5b4666824c/go.mod h1:Gcj4RM/EBECsJMZnPeWjfy/1roRYGqzV9GYNmeHkvFA=
github.com/gethugothemes/hugo-modules/gallery-slider v0.0.0-20251117073232-ef5b4666824c h1:LorVCIhcRLTtbegkuzsobAGiVflfjADO9Ksat//pyXs=
github.com/gethugothemes/hugo-modules/gallery-slider v0.0.0-20251117073232-ef5b4666824c/go.mod h1:MvQ2js/ofZ22CTX5wuvE+dC0rMe6C5HAWL2fEOu/yzE=
github.com/gethugothemes/hugo-modules/gzip-caching v0.0.0-20251117073232-ef5b4666824c h1:3QGAHmKmQoWgCW3sEr/3Eoog7ovxqdSTDJwpMy6Bpac=
github.com/gethugothemes/hugo-modules/gzip-caching v0.0.0-20251117073232-ef5b4666824c/go.mod h1:0ZMjTZVG4XLZU2/icc8Saqo4mmgMpfRTrUZU2Aa2Pwg=
github.com/gethugothemes/hugo-modules/icons/font-awesome v0.0.0-20251117073232-ef5b4666824c h1:0UeAIBYyY3CoQ3W/8U3jBfDcGweQfutXhyGFIYpaWi0=
github.com/gethugothemes/hugo-modules/icons/font-awesome v0.0.0-20251117073232-ef5b4666824c/go.mod h1:d3gy1vQyfasPmGpau7HpQLrXbOv23PfXclSnjyOBxeU=
github.com/gethugothemes/hugo-modules/images v0.0.0-20251117073232-ef5b4666824c h1:CKXTwZWTyAPTmK355Xnlf/ndTjD3lhMDM0YmC+LjmhQ=
github.com/gethugothemes/hugo-modules/images v0.0.0-20251117073232-ef5b4666824c/go.mod h1:FKliP3qOW9diIcQeLtyZ0Hdhg3PL8bdAkC/6O+XtU90=
github.com/gethugothemes/hugo-modules/modal v0.0.0-20251117073232-ef5b4666824c h1:2Ws03DYqSADctQbYpIjOYmX+JoNx4QyBWhVTOopXwCo=
github.com/gethugothemes/hugo-modules/modal v0.0.0-20251117073232-ef5b4666824c/go.mod h1:Eb9v7oV6biymfvjcBhQdvgn0gUGYhUtfCMeOBLFpFsk=
github.com/gethugothemes/hugo-modules/pwa v0.0.0-20251117073232-ef5b4666824c h1:9L1X4gO1FbNeSS4ec+AWTQFVTiMNJp01E0jbOil5Gvg=
github.com/gethugothemes/hugo-modules/pwa v0.0.0-20251117073232-ef5b4666824c/go.mod h1:TRv7iszdfo37O1PbBEE+S8X/enAdpRIxK5DGrp13Qbo=
github.com/gethugothemes/hugo-modules/search v0.0.0-20251117073232-ef5b4666824c h1:aioidcPi1WWoeMegoF1C39uqSnsJmb7fqwc4RU/cDSA=
github.com/gethugothemes/hugo-modules/search v0.0.0-20251117073232-ef5b4666824c/go.mod h1:tmDvLaZCM+QDvS/WLZXNjY1QTdWh7/68D2wIToECbyA=
github.com/gethugothemes/hugo-modules/seo-tools/basic-seo v0.0.0-20251117073232-ef5b4666824c h1:MUqKJZg4radKBEUoB20ATdxW01yjejLnRXCUUU9keQQ=
github.com/gethugothemes/hugo-modules/seo-tools/basic-seo v0.0.0-20251117073232-ef5b4666824c/go.mod h1:Q8dPgjamV7pxwKSQyWV21Xwh5CGi23/k+M8HPTphYbs=
github.com/gethugothemes/hugo-modules/seo-tools/google-tag-manager v0.0.0-20251117073232-ef5b4666824c h1:SY9Fmfqd9+K+WxSIN522GiDKetYeBjWOHmKy/jmE8Ns=
github.com/gethugothemes/hugo-modules/seo-tools/google-tag-manager v0.0.0-20251117073232-ef5b4666824c/go.mod h1:cCq50yd55eFTrpqOfeyOK5X0hU5E7qxsqOD7IzTsgLA=
github.com/gethugothemes/hugo-modules/seo-tools/site-verifications v0.0.0-20251117073232-ef5b4666824c h1:4PxczAfMJ0i2nqSWvtSljbymuU/x8yx2NY3V6qyWme8=
github.com/gethugothemes/hugo-modules/seo-tools/site-verifications v0.0.0-20251117073232-ef5b4666824c/go.mod h1:iXielaya126qJscz7Bc2G2WB91moloQOoWru6UoBUyE=
github.com/gethugothemes/hugo-modules/shortcodes/button v0.0.0-20251117073232-ef5b4666824c h1:ysiyG0gKWEKRG02it/A1vEixOBWUrJp5tR9xFEQi8yM=
github.com/gethugothemes/hugo-modules/shortcodes/button v0.0.0-20251117073232-ef5b4666824c/go.mod h1:MSvxGvjvcGUKTs6YMATU/9kYFrzW+VSVdy4CCOQLdsY=
github.com/gethugothemes/hugo-modules/shortcodes/notice v0.0.0-20251117073232-ef5b4666824c h1:P6E7ZIQKqKzphguy6ZCcFS4xD1C/SI7Z4iw7In0LqJM=
github.com/gethugothemes/hugo-modules/shortcodes/notice v0.0.0-20251117073232-ef5b4666824c/go.mod h1:ljWyMJx82WA+6SlKjbGFhEdxcriyvUTCjXkJHDa4lho=
github.com/gethugothemes/hugo-modules/tab v0.0.0-20251117073232-ef5b4666824c h1:bHyV9I9LG/ao7ZtOvYYBmdFvbWiMzfBBvwsjTC8Bfuk=
github.com/gethugothemes/hugo-modules/tab v0.0.0-20251117073232-ef5b4666824c/go.mod h1:h3UxlxrFoU19JldxWLPBKaTZFe3AJtABrqo1wfxr+Ng=
github.com/gethugothemes/hugo-modules/table-of-contents v0.0.0-20251117073232-ef5b4666824c h1:07jOdMEUVdvkjIaek0FxDNZYbQ+DBYt1Wi1N77d/qYs=
github.com/gethugothemes/hugo-modules/table-of-contents v0.0.0-20251117073232-ef5b4666824c/go.mod h1:bEDw4veccQQQYEdVrfu13ATRUWfW8ptDIjJZuhYh4Tw=
github.com/gethugothemes/hugo-modules/videos v0.0.0-20251117073232-ef5b4666824c h1:/7aC/iyt2Cdb623JGA1YF5S6c4pbwo3qX3d/9MVBbI8=
github.com/gethugothemes/hugo-modules/videos v0.0.0-20251117073232-ef5b4666824c/go.mod h1:P722lLWdnNhdZVq6gvMrOLqECUwrAYQWaOWlChta5H0=
github.com/hugomods/mermaid v0.1.4 h1:/u0FZRSBMpqTbDh4XPBL7c6p0DUjvIkoo9cC89GASSI=
github.com/hugomods/mermaid v0.1.4/go.mod h1:GOID2Ko1vdrX03ZMaFNQL/vdTU1tZmGcVjOgBN8O42Y=
github.com/zeon-studio/hugoplate v0.0.0-20251117071642-4f1cd9a6df9d h1:t/qqt0kUpEz9xEd2QmE+BxdEH22DYxZJST9wxpG76c4=
github.com/zeon-studio/hugoplate v0.0.0-20251117071642-4f1cd9a6df9d/go.mod h1:YlRIwdTWidquf1dhtx+mDfu0I3KVrVQB4wi4UmHlK3E=
